
Microsoft Visual Studio Solution File, Format Version 12.00
# Visual Studio Version 16
VisualStudioVersion = 16.0.30717.126
MinimumVisualStudioVersion = 10.0.40219.1
Project("{FAE04EC0-301F-11D3-BF4B-00C04F79EFBC}") = "DataAccess", "DataAccess\DataAccess.csproj", "{32F7F553-3654-45FE-A43A-7DB3512716C7}"
EndProject
Project("{FAE04EC0-301F-11D3-BF4B-00C04F79EFBC}") = "Business", "Business\Business.csproj", "{FC064C51-F836-4E29-87C8-B662540B39F7}"
EndProject
Project("{FAE04EC0-301F-11D3-BF4B-00C04F79EFBC}") = "Entities", "Entities\Entities.csproj", "{AC256F0A-3D07-4A4C-B29F-607DCE4AF01F}"
EndProject
Project("{FAE04EC0-301F-11D3-BF4B-00C04F79EFBC}") = "ConsoleUI", "ConsoleUI\ConsoleUI.csproj", "{A3CA2FC0-4198-4632-84C7-480BCA6A8D98}"
EndProject
Global
	GlobalSection(SolutionConfigurationPlatforms) = preSolution
		Debug|Any CPU = Debug|Any CPU
		Release|Any CPU = Release|Any CPU
	EndGlobalSection
	GlobalSection(ProjectConfigurationPlatforms) = postSolution
		{32F7F553-3654-45FE-A43A-7DB3512716C7}.Debug|Any CPU.ActiveCfg = Debug|Any CPU
		{32F7F553-3654-45FE-A43A-7DB3512716C7}.Debug|Any CPU.Build.0 = Debug|Any CPU
		{32F7F553-3654-45FE-A43A-7DB3512716C7}.Release|Any CPU.ActiveCfg = Release|Any CPU
		{32F7F553-3654-45FE-A43A-7DB3512716C7}.Release|Any CPU.Build.0 = Release|Any CPU
		{FC064C51-F836-4E29-87C8-B662540B39F7}.Debug|Any CPU.ActiveCfg = Debug|Any CPU
		{FC064C51-F836-4E29-87C8-B662540B39F7}.Debug|Any CPU.Build.0 = Debug|Any CPU
		{FC064C51-F836-4E29-87C8-B662540B39F7}.Release|Any CPU.ActiveCfg = Release|Any CPU
		{FC064C51-F836-4E29-87C8-B662540B39F7}.Release|Any CPU.Build.0 = Release|Any CPU
		{AC256F0A-3D07-4A4C-B29F-607DCE4AF01F}.Debug|Any CPU.ActiveCfg = Debug|Any CPU
		{AC256F0A-3D07-4A4C-B29F-607DCE4AF01F}.Debug|Any CPU.Build.0 = Debug|Any CPU
		{AC256F0A-3D07-4A4C-B29F-607DCE4AF01F}.Release|Any CPU.ActiveCfg = Release|Any CPU
		{AC256F0A-3D07-4A4C-B29F-607DCE4AF01F}.Release|Any CPU.Build.0 = Release|Any CPU
		{A3CA2FC0-4198-4632-84C7-480BCA6A8D98}.Debug|Any CPU.ActiveCfg = Debug|Any CPU
		{A3CA2FC0-4198-4632-84C7-480BCA6A8D98}.Debug|Any CPU.Build.0 = Debug|Any CPU
		{A3CA2FC0-4198-4632-84C7-480BCA6A8D98}.Release|Any CPU.ActiveCfg = Release|Any CPU
		{A3CA2FC0-4198-4632-84C7-480BCA6A8D98}.Release|Any CPU.Build.0 = Release|Any CPU
	EndGlobalSection
	GlobalSection(SolutionProperties) = preSolution
		HideSolutionNode = FALSE
	EndGlobalSection
	GlobalSection(ExtensibilityGlobals) = postSolution
		SolutionGuid = {27FA3DAC-4B90-4897-9E38-93C9FAAB7463}
	EndGlobalSection
EndGlobal
